{
  "name": "battleship",
  "lockfileVersion": 3,
  "requires": true,
  "packages": {
    "": {
      "dependencies": {
        "lucide": "^1.46.0"
      }
    },
    "node_modules/lucide": {
      "version": "1.46.0",
      "resolved": "https://registry.npmjs.org/lucide/-/lucide-1.46.0.tgz",
      "integrity": "sha512-JAkmhp9rxxIAeyKZJPUdiDDz8szXEISxdd4elBp7nu75MWQIYQQ8p1u+conDwu7RG2TrESj3wo5G0dKNs/5ryA==",
      "license": "ISC"
    }
  }
}
